
Microsoft Visual Studio Solution File, Format Version 12.00
# Visual Studio Version 16
VisualStudioVersion = 16.0.29911.84
MinimumVisualStudioVersion = 10.0.40219.1
Project("{9A19103F-16F7-4668-BE54-9A1E7A4F7556}") = "DIMS.Ui", "DIMS.Ui\DIMS.Ui.csproj", "{3D210E8B-3681-4CE8-89A8-59DE1C7B3E61}"
EndProject
Project("{9A19103F-16F7-4668-BE54-9A1E7A4F7556}") = "DIMS.Engine", "DIMS.Engine\DIMS.Engine.csproj", "{2FD52EEB-34E2-4BF1-9384-7BE6268B52FC}"
EndProject
Project("{9A19103F-16F7-4668-BE54-9A1E7A4F7556}") = "DIMS.Console", "DIMS.Console\DIMS.Console.csproj", "{1068E4BB-8F94-43CD-9F09-A890E734150D}"
EndProject
Project("{FAE04EC0-301F-11D3-BF4B-00C04F79EFBC}") = "DIMS.DeploymentHook", "DIMS.DeploymentHook\DIMS.DeploymentHook.csproj", "{5C4F97B9-FC11-44A6-AD7B-472464506B9E}"
EndProject
Global
	GlobalSection(SolutionConfigurationPlatforms) = preSolution
		Debug|Any CPU = Debug|Any CPU
		Release|Any CPU = Release|Any CPU
	EndGlobalSection
	GlobalSection(ProjectConfigurationPlatforms) = postSolution
		{3D210E8B-3681-4CE8-89A8-59DE1C7B3E61}.Debug|Any CPU.ActiveCfg = Debug|Any CPU
		{3D210E8B-3681-4CE8-89A8-59DE1C7B3E61}.Debug|Any CPU.Build.0 = Debug|Any CPU
		{3D210E8B-3681-4CE8-89A8-59DE1C7B3E61}.Release|Any CPU.ActiveCfg = Release|Any CPU
		{3D210E8B-3681-4CE8-89A8-59DE1C7B3E61}.Release|Any CPU.Build.0 = Release|Any CPU
		{2FD52EEB-34E2-4BF1-9384-7BE6268B52FC}.Debug|Any CPU.ActiveCfg = Debug|Any CPU
		{2FD52EEB-34E2-4BF1-9384-7BE6268B52FC}.Debug|Any CPU.Build.0 = Debug|Any CPU
		{2FD52EEB-34E2-4BF1-9384-7BE6268B52FC}.Release|Any CPU.ActiveCfg = Release|Any CPU
		{2FD52EEB-34E2-4BF1-9384-7BE6268B52FC}.Release|Any CPU.Build.0 = Release|Any CPU
		{1068E4BB-8F94-43CD-9F09-A890E734150D}.Debug|Any CPU.ActiveCfg = Debug|Any CPU
		{1068E4BB-8F94-43CD-9F09-A890E734150D}.Debug|Any CPU.Build.0 = Debug|Any CPU
		{1068E4BB-8F94-43CD-9F09-A890E734150D}.Release|Any CPU.ActiveCfg = Release|Any CPU
		{1068E4BB-8F94-43CD-9F09-A890E734150D}.Release|Any CPU.Build.0 = Release|Any CPU
		{5C4F97B9-FC11-44A6-AD7B-472464506B9E}.Debug|Any CPU.ActiveCfg = Debug|Any CPU
		{5C4F97B9-FC11-44A6-AD7B-472464506B9E}.Debug|Any CPU.Build.0 = Debug|Any CPU
		{5C4F97B9-FC11-44A6-AD7B-472464506B9E}.Release|Any CPU.ActiveCfg = Release|Any CPU
		{5C4F97B9-FC11-44A6-AD7B-472464506B9E}.Release|Any CPU.Build.0 = Release|Any CPU
	EndGlobalSection
	GlobalSection(SolutionProperties) = preSolution
		HideSolutionNode = FALSE
	EndGlobalSection
	GlobalSection(ExtensibilityGlobals) = postSolution
		SolutionGuid = {4A6FCA25-D4CB-46D1-8F24-60E13724D2F0}
	EndGlobalSection
EndGlobal
